
Microsoft Visual Studio Solution File, Format Version 12.00
# Visual Studio Version 16
VisualStudioVersion = 16.0.30011.22
MinimumVisualStudioVersion = 10.0.40219.1
Project("{FAE04EC0-301F-11D3-BF4B-00C04F79EFBC}") = "Quiz3", "Quiz3\Quiz3.csproj", "{232308FE-4686-4B90-ADAB-D787CEE916D7}"
EndProject
Global
	GlobalSection(SolutionConfigurationPlatforms) = preSolution
		Debug|Any CPU = Debug|Any CPU
		Release|Any CPU = Release|Any CPU
	EndGlobalSection
	GlobalSection(ProjectConfigurationPlatforms) = postSolution
		{232308FE-4686-4B90-ADAB-D787CEE916D7}.Debug|Any CPU.ActiveCfg = Debug|Any CPU
		{232308FE-4686-4B90-ADAB-D787CEE916D7}.Debug|Any CPU.Build.0 = Debug|Any CPU
		{232308FE-4686-4B90-ADAB-D787CEE916D7}.Release|Any CPU.ActiveCfg = Release|Any CPU
		{232308FE-4686-4B90-ADAB-D787CEE916D7}.Release|Any CPU.Build.0 = Release|Any CPU
	EndGlobalSection
	GlobalSection(SolutionProperties) = preSolution
		HideSolutionNode = FALSE
	EndGlobalSection
	GlobalSection(ExtensibilityGlobals) = postSolution
		SolutionGuid = {30C9C7AF-8F66-425E-8737-E160DD1DE622}
	EndGlobalSection
EndGlobal
